
Microsoft Visual Studio Solution File, Format Version 12.00
# Visual Studio Version 17
VisualStudioVersion = 17.5.33530.505
MinimumVisualStudioVersion = 10.0.40219.1
Project("{FAE04EC0-301F-11D3-BF4B-00C04F79EFBC}") = "Jurnal_MOD9_1302210087", "Jurnal_MOD9_1302210087\Jurnal_MOD9_1302210087.csproj", "{03D902B1-FC4C-4E3C-BEAF-0DDA4E5AD7E2}"
EndProject
Global
	GlobalSection(SolutionConfigurationPlatforms) = preSolution
		Debug|Any CPU = Debug|Any CPU
		Release|Any CPU = Release|Any CPU
	EndGlobalSection
	GlobalSection(ProjectConfigurationPlatforms) = postSolution
		{03D902B1-FC4C-4E3C-BEAF-0DDA4E5AD7E2}.Debug|Any CPU.ActiveCfg = Debug|Any CPU
		{03D902B1-FC4C-4E3C-BEAF-0DDA4E5AD7E2}.Debug|Any CPU.Build.0 = Debug|Any CPU
		{03D902B1-FC4C-4E3C-BEAF-0DDA4E5AD7E2}.Release|Any CPU.ActiveCfg = Release|Any CPU
		{03D902B1-FC4C-4E3C-BEAF-0DDA4E5AD7E2}.Release|Any CPU.Build.0 = Release|Any CPU
	EndGlobalSection
	GlobalSection(SolutionProperties) = preSolution
		HideSolutionNode = FALSE
	EndGlobalSection
	GlobalSection(ExtensibilityGlobals) = postSolution
		SolutionGuid = {47F349F4-412C-4BF2-9757-DBA975C9BC90}
	EndGlobalSection
EndGlobal
